// !$*UTF8*$!
{
	archiveVersion = 1;
	classes = {
	};
	objectVersion = 55;
	objects = {

/* Begin PBXBuildFile section */
		DA053ADA2AACBBDA00D24484 /* Note.swift in Sources */ = {isa = PBXBuildFile; fileRef = DA053AD92AACBBDA00D24484 /* Note.swift */; };
		DA053ADE2AACBC1500D24484 /* MainViewModel.swift in Sources */ = {isa = PBXBuildFile; fileRef = DA053ADD2AACBC1500D24484 /* MainViewModel.swift */; };
		DA053AE12AACBDEC00D24484 /* UIViewController + Extension.swift in Sources */ = {isa = PBXBuildFile; fileRef = DA053AE02AACBDEC00D24484 /* UIViewController + Extension.swift */; };
		DA05B3612ABAED8A00E168EA /* Localizable.xcstrings in Resources */ = {isa = PBXBuildFile; fileRef = DA05B3602ABAED8A00E168EA /* Localizable.xcstrings */; };
		DA12EC702AADDC7500C00E9B /* MainTableViewCell.swift in Sources */ = {isa = PBXBuildFile; fileRef = DA12EC6E2AADDC7500C00E9B /* MainTableViewCell.swift */; };
		DA12EC712AADDC7500C00E9B /* MainTableViewCell.xib in Resources */ = {isa = PBXBuildFile; fileRef = DA12EC6F2AADDC7500C00E9B /* MainTableViewCell.xib */; };
		DA12EC742AADF92100C00E9B /* DropDown in Frameworks */ = {isa = PBXBuildFile; productRef = DA12EC732AADF92100C00E9B /* DropDown */; };
		DA1EC83B2AACD8D700515772 /* DetailsViewModel.swift in Sources */ = {isa = PBXBuildFile; fileRef = DA1EC83A2AACD8D700515772 /* DetailsViewModel.swift */; };
		DA1EC83D2AAD329000515772 /* SettingsViewController.swift in Sources */ = {isa = PBXBuildFile; fileRef = DA1EC83C2AAD329000515772 /* SettingsViewController.swift */; };
		DA631BBF27EDB84F0013867C /* AppDelegate.swift in Sources */ = {isa = PBXBuildFile; fileRef = DA631BBE27EDB84F0013867C /* AppDelegate.swift */; };
		DA631BC127EDB84F0013867C /* SceneDelegate.swift in Sources */ = {isa = PBXBuildFile; fileRef = DA631BC027EDB84F0013867C /* SceneDelegate.swift */; };
		DA631BC327EDB84F0013867C /* MainViewController.swift in Sources */ = {isa = PBXBuildFile; fileRef = DA631BC227EDB84F0013867C /* MainViewController.swift */; };
		DA631BC927EDB84F0013867C /* QuickNotes.xcdatamodeld in Sources */ = {isa = PBXBuildFile; fileRef = DA631BC727EDB84F0013867C /* QuickNotes.xcdatamodeld */; };
		DA631BCB27EDB8510013867C /* Assets.xcassets in Resources */ = {isa = PBXBuildFile; fileRef = DA631BCA27EDB8510013867C /* Assets.xcassets */; };
		DA631BCE27EDB8510013867C /* LaunchScreen.storyboard in Resources */ = {isa = PBXBuildFile; fileRef = DA631BCC27EDB8510013867C /* LaunchScreen.storyboard */; };
		DA631BD627EDBBCC0013867C /* DetailsNoteViewController.swift in Sources */ = {isa = PBXBuildFile; fileRef = DA631BD527EDBBCC0013867C /* DetailsNoteViewController.swift */; };
		DA743D112AB3B4B400360653 /* MainView.storyboard in Resources */ = {isa = PBXBuildFile; fileRef = DA743D102AB3B4B400360653 /* MainView.storyboard */; };
		DA743D132AB3B4BC00360653 /* DetailsNoteView.storyboard in Resources */ = {isa = PBXBuildFile; fileRef = DA743D122AB3B4BC00360653 /* DetailsNoteView.storyboard */; };
		DA743D152AB3B4C700360653 /* SettingsView.storyboard in Resources */ = {isa = PBXBuildFile; fileRef = DA743D142AB3B4C700360653 /* SettingsView.storyboard */; };
		DA743D1B2AB3B88600360653 /* DetailsParchmentViewController.swift in Sources */ = {isa = PBXBuildFile; fileRef = DA743D1A2AB3B88600360653 /* DetailsParchmentViewController.swift */; };
		DA743D1D2AB3B89C00360653 /* DetailsParchmentView.storyboard in Resources */ = {isa = PBXBuildFile; fileRef = DA743D1C2AB3B89C00360653 /* DetailsParchmentView.storyboard */; };
		DA743D202AB3B90600360653 /* DetailsMapView.storyboard in Resources */ = {isa = PBXBuildFile; fileRef = DA743D1F2AB3B90600360653 /* DetailsMapView.storyboard */; };
		DA743D232AB3B92600360653 /* DetailsMapViewController.swift in Sources */ = {isa = PBXBuildFile; fileRef = DA743D222AB3B92600360653 /* DetailsMapViewController.swift */; };
		DA743D262AB3B97100360653 /* Parchment in Frameworks */ = {isa = PBXBuildFile; productRef = DA743D252AB3B97100360653 /* Parchment */; };
		DAA9ABCA2AB5E12700727E5C /* Localize_Swift in Frameworks */ = {isa = PBXBuildFile; productRef = DAA9ABC92AB5E12700727E5C /* Localize_Swift */; };
/* End PBXBuildFile section */

/* Begin PBXFileReference section */
		DA053AD92AACBBDA00D24484 /* Note.swift */ = {isa = PBXFileReference; lastKnownFileType = sourcecode.swift; path = Note.swift; sourceTree = "<group>"; };
		DA053ADD2AACBC1500D24484 /* MainViewModel.swift */ = {isa = PBXFileReference; lastKnownFileType = sourcecode.swift; path = MainViewModel.swift; sourceTree = "<group>"; };
		DA053AE02AACBDEC00D24484 /* UIViewController + Extension.swift */ = {isa = PBXFileReference; lastKnownFileType = sourcecode.swift; path = "UIViewController + Extension.swift"; sourceTree = "<group>"; };
		DA05B3602ABAED8A00E168EA /* Localizable.xcstrings */ = {isa = PBXFileReference; lastKnownFileType = text.json.xcstrings; path = Localizable.xcstrings; sourceTree = "<group>"; };
		DA12EC6E2AADDC7500C00E9B /* MainTableViewCell.swift */ = {isa = PBXFileReference; lastKnownFileType = sourcecode.swift; path = MainTableViewCell.swift; sourceTree = "<group>"; };
		DA12EC6F2AADDC7500C00E9B /* MainTableViewCell.xib */ = {isa = PBXFileReference; lastKnownFileType = file.xib; path = MainTableViewCell.xib; sourceTree = "<group>"; };
		DA1EC83A2AACD8D700515772 /* DetailsViewModel.swift */ = {isa = PBXFileReference; lastKnownFileType = sourcecode.swift; path = DetailsViewModel.swift; sourceTree = "<group>"; };
		DA1EC83C2AAD329000515772 /* SettingsViewController.swift */ = {isa = PBXFileReference; lastKnownFileType = sourcecode.swift; path = SettingsViewController.swift; sourceTree = "<group>"; };
		DA631BBB27EDB84F0013867C /* QuickNotes.app */ = {isa = PBXFileReference; explicitFileType = wrapper.application; includeInIndex = 0; path = QuickNotes.app; sourceTree = BUILT_PRODUCTS_DIR; };
		DA631BBE27EDB84F0013867C /* AppDelegate.swift */ = {isa = PBXFileReference; lastKnownFileType = sourcecode.swift; path = AppDelegate.swift; sourceTree = "<group>"; };
		DA631BC027EDB84F0013867C /* SceneDelegate.swift */ = {isa = PBXFileReference; lastKnownFileType = sourcecode.swift; path = SceneDelegate.swift; sourceTree = "<group>"; };
		DA631BC227EDB84F0013867C /* MainViewController.swift */ = {isa = PBXFileReference; lastKnownFileType = sourcecode.swift; path = MainViewController.swift; sourceTree = "<group>"; };
		DA631BC827EDB84F0013867C /* QuickNotes.xcdatamodel */ = {isa = PBXFileReference; lastKnownFileType = wrapper.xcdatamodel; path = QuickNotes.xcdatamodel; sourceTree = "<group>"; };
		DA631BCA27EDB8510013867C /* Assets.xcassets */ = {isa = PBXFileReference; lastKnownFileType = folder.assetcatalog; path = Assets.xcassets; sourceTree = "<group>"; };
		DA631BCD27EDB8510013867C /* Base */ = {isa = PBXFileReference; lastKnownFileType = file.storyboard; name = Base; path = Base.lproj/LaunchScreen.storyboard; sourceTree = "<group>"; };
		DA631BCF27EDB8510013867C /* Info.plist */ = {isa = PBXFileReference; lastKnownFileType = text.plist.xml; path = Info.plist; sourceTree = "<group>"; };
		DA631BD527EDBBCC0013867C /* DetailsNoteViewController.swift */ = {isa = PBXFileReference; lastKnownFileType = sourcecode.swift; path = DetailsNoteViewController.swift; sourceTree = "<group>"; };
		DA743D102AB3B4B400360653 /* MainView.storyboard */ = {isa = PBXFileReference; lastKnownFileType = file.storyboard; path = MainView.storyboard; sourceTree = "<group>"; };
		DA743D122AB3B4BC00360653 /* DetailsNoteView.storyboard */ = {isa = PBXFileReference; lastKnownFileType = file.storyboard; path = DetailsNoteView.storyboard; sourceTree = "<group>"; };
		DA743D142AB3B4C700360653 /* SettingsView.storyboard */ = {isa = PBXFileReference; lastKnownFileType = file.storyboard; path = SettingsView.storyboard; sourceTree = "<group>"; };
		DA743D1A2AB3B88600360653 /* DetailsParchmentViewController.swift */ = {isa = PBXFileReference; lastKnownFileType = sourcecode.swift; path = DetailsParchmentViewController.swift; sourceTree = "<group>"; };
		DA743D1C2AB3B89C00360653 /* DetailsParchmentView.storyboard */ = {isa = PBXFileReference; lastKnownFileType = file.storyboard; path = DetailsParchmentView.storyboard; sourceTree = "<group>"; };
		DA743D1F2AB3B90600360653 /* DetailsMapView.storyboard */ = {isa = PBXFileReference; lastKnownFileType = file.storyboard; path = DetailsMapView.storyboard; sourceTree = "<group>"; };
		DA743D222AB3B92600360653 /* DetailsMapViewController.swift */ = {isa = PBXFileReference; lastKnownFileType = sourcecode.swift; path = DetailsMapViewController.swift; sourceTree = "<group>"; };
		DAA9ABC12AB5E0E900727E5C /* tr */ = {isa = PBXFileReference; lastKnownFileType = text.plist.strings; name = tr; path = tr.lproj/LaunchScreen.strings; sourceTree = "<group>"; };
/* End PBXFileReference section */

/* Begin PBXFrameworksBuildPhase section */
		DA631BB827EDB84F0013867C /* Frameworks */ = {
			isa = PBXFrameworksBuildPhase;
			buildActionMask = 2147483647;
			files = (
				DAA9ABCA2AB5E12700727E5C /* Localize_Swift in Frameworks */,
				DA12EC742AADF92100C00E9B /* DropDown in Frameworks */,
				DA743D262AB3B97100360653 /* Parchment in Frameworks */,
			);
			runOnlyForDeploymentPostprocessing = 0;
		};
/* End PBXFrameworksBuildPhase section */

/* Begin PBXGroup section */
		DA053ADB2AACBBDF00D24484 /* Model */ = {
			isa = PBXGroup;
			children = (
				DA053AD92AACBBDA00D24484 /* Note.swift */,
			);
			path = Model;
			sourceTree = "<group>";
		};
		DA053ADC2AACBC0100D24484 /* ViewModel */ = {
			isa = PBXGroup;
			children = (
				DA053ADD2AACBC1500D24484 /* MainViewModel.swift */,
				DA1EC83A2AACD8D700515772 /* DetailsViewModel.swift */,
			);
			path = ViewModel;
			sourceTree = "<group>";
		};
		DA053ADF2AACBDC100D24484 /* Extensions */ = {
			isa = PBXGroup;
			children = (
				DA053AE02AACBDEC00D24484 /* UIViewController + Extension.swift */,
			);
			path = Extensions;
			sourceTree = "<group>";
		};
		DA053AE22AACBE8600D24484 /* View */ = {
			isa = PBXGroup;
			children = (
				DA743D162AB3B72200360653 /* Main */,
				DA743D172AB3B72A00360653 /* Details */,
				DA743D182AB3B72F00360653 /* Settings */,
			);
			path = View;
			sourceTree = "<group>";
		};
		DA12EC6D2AADDC5B00C00E9B /* MainTableViewCell */ = {
			isa = PBXGroup;
			children = (
				DA12EC6E2AADDC7500C00E9B /* MainTableViewCell.swift */,
				DA12EC6F2AADDC7500C00E9B /* MainTableViewCell.xib */,
			);
			path = MainTableViewCell;
			sourceTree = "<group>";
		};
		DA631BB227EDB84F0013867C = {
			isa = PBXGroup;
			children = (
				DA631BBD27EDB84F0013867C /* QuickNotes */,
				DA631BBC27EDB84F0013867C /* Products */,
			);
			sourceTree = "<group>";
		};
		DA631BBC27EDB84F0013867C /* Products */ = {
			isa = PBXGroup;
			children = (
				DA631BBB27EDB84F0013867C /* QuickNotes.app */,
			);
			name = Products;
			sourceTree = "<group>";
		};
		DA631BBD27EDB84F0013867C /* QuickNotes */ = {
			isa = PBXGroup;
			children = (
				DAA9ABC02AB5E0C600727E5C /* Resources */,
				DA053ADF2AACBDC100D24484 /* Extensions */,
				DA053ADB2AACBBDF00D24484 /* Model */,
				DA053AE22AACBE8600D24484 /* View */,
				DA053ADC2AACBC0100D24484 /* ViewModel */,
				DA631BBE27EDB84F0013867C /* AppDelegate.swift */,
				DA631BC027EDB84F0013867C /* SceneDelegate.swift */,
				DA631BCA27EDB8510013867C /* Assets.xcassets */,
				DA631BCC27EDB8510013867C /* LaunchScreen.storyboard */,
				DA631BCF27EDB8510013867C /* Info.plist */,
				DA631BC727EDB84F0013867C /* QuickNotes.xcdatamodeld */,
			);
			path = QuickNotes;
			sourceTree = "<group>";
		};
		DA743D162AB3B72200360653 /* Main */ = {
			isa = PBXGroup;
			children = (
				DA12EC6D2AADDC5B00C00E9B /* MainTableViewCell */,
				DA631BC227EDB84F0013867C /* MainViewController.swift */,
				DA743D102AB3B4B400360653 /* MainView.storyboard */,
			);
			path = Main;
			sourceTree = "<group>";
		};
		DA743D172AB3B72A00360653 /* Details */ = {
			isa = PBXGroup;
			children = (
				DA743D192AB3B86D00360653 /* Parchment */,
				DA743D1E2AB3B8A000360653 /* Note */,
				DA743D212AB3B90B00360653 /* Map */,
			);
			path = Details;
			sourceTree = "<group>";
		};
		DA743D182AB3B72F00360653 /* Settings */ = {
			isa = PBXGroup;
			children = (
				DA1EC83C2AAD329000515772 /* SettingsViewController.swift */,
				DA743D142AB3B4C700360653 /* SettingsView.storyboard */,
			);
			path = Settings;
			sourceTree = "<group>";
		};
		DA743D192AB3B86D00360653 /* Parchment */ = {
			isa = PBXGroup;
			children = (
				DA743D1A2AB3B88600360653 /* DetailsParchmentViewController.swift */,
				DA743D1C2AB3B89C00360653 /* DetailsParchmentView.storyboard */,
			);
			path = Parchment;
			sourceTree = "<group>";
		};
		DA743D1E2AB3B8A000360653 /* Note */ = {
			isa = PBXGroup;
			children = (
				DA631BD527EDBBCC0013867C /* DetailsNoteViewController.swift */,
				DA743D122AB3B4BC00360653 /* DetailsNoteView.storyboard */,
			);
			path = Note;
			sourceTree = "<group>";
		};
		DA743D212AB3B90B00360653 /* Map */ = {
			isa = PBXGroup;
			children = (
				DA743D222AB3B92600360653 /* DetailsMapViewController.swift */,
				DA743D1F2AB3B90600360653 /* DetailsMapView.storyboard */,
			);
			path = Map;
			sourceTree = "<group>";
		};
		DAA9ABC02AB5E0C600727E5C /* Resources */ = {
			isa = PBXGroup;
			children = (
				DA05B3602ABAED8A00E168EA /* Localizable.xcstrings */,
			);
			path = Resources;
			sourceTree = "<group>";
		};
/* End PBXGroup section */

/* Begin PBXNativeTarget section */
		DA631BBA27EDB84F0013867C /* QuickNotes */ = {
			isa = PBXNativeTarget;
			buildConfigurationList = DA631BD227EDB8510013867C /* Build configuration list for PBXNativeTarget "QuickNotes" */;
			buildPhases = (
				DA631BB727EDB84F0013867C /* Sources */,
				DA631BB827EDB84F0013867C /* Frameworks */,
				DA631BB927EDB84F0013867C /* Resources */,
			);
			buildRules = (
			);
			dependencies = (
			);
			name = QuickNotes;
			packageProductDependencies = (
				DA12EC732AADF92100C00E9B /* DropDown */,
				DA743D252AB3B97100360653 /* Parchment */,
				DAA9ABC92AB5E12700727E5C /* Localize_Swift */,
			);
			productName = QuickNotes;
			productReference = DA631BBB27EDB84F0013867C /* QuickNotes.app */;
			productType = "com.apple.product-type.application";
		};
/* End PBXNativeTarget section */

/* Begin PBXProject section */
		DA631BB327EDB84F0013867C /* Project object */ = {
			isa = PBXProject;
			attributes = {
				BuildIndependentTargetsInParallel = 1;
				LastSwiftUpdateCheck = 1330;
				LastUpgradeCheck = 1330;
				TargetAttributes = {
					DA631BBA27EDB84F0013867C = {
						CreatedOnToolsVersion = 13.3;
					};
				};
			};
			buildConfigurationList = DA631BB627EDB84F0013867C /* Build configuration list for PBXProject "QuickNotes" */;
			compatibilityVersion = "Xcode 13.0";
			developmentRegion = en;
			hasScannedForEncodings = 0;
			knownRegions = (
				en,
				Base,
				tr,
			);
			mainGroup = DA631BB227EDB84F0013867C;
			packageReferences = (
				DA12EC722AADF92100C00E9B /* XCRemoteSwiftPackageReference "DropDown" */,
				DA743D242AB3B97100360653 /* XCRemoteSwiftPackageReference "Parchment" */,
				DAA9ABC82AB5E12700727E5C /* XCRemoteSwiftPackageReference "Localize-Swift" */,
			);
			productRefGroup = DA631BBC27EDB84F0013867C /* Products */;
			projectDirPath = "";
			projectRoot = "";
			targets = (
				DA631BBA27EDB84F0013867C /* QuickNotes */,
			);
		};
/* End PBXProject section */

/* Begin PBXResourcesBuildPhase section */
		DA631BB927EDB84F0013867C /* Resources */ = {
			isa = PBXResourcesBuildPhase;
			buildActionMask = 2147483647;
			files = (
				DA631BCE27EDB8510013867C /* LaunchScreen.storyboard in Resources */,
				DA631BCB27EDB8510013867C /* Assets.xcassets in Resources */,
				DA743D1D2AB3B89C00360653 /* DetailsParchmentView.storyboard in Resources */,
				DA743D112AB3B4B400360653 /* MainView.storyboard in Resources */,
				DA12EC712AADDC7500C00E9B /* MainTableViewCell.xib in Resources */,
				DA05B3612ABAED8A00E168EA /* Localizable.xcstrings in Resources */,
				DA743D132AB3B4BC00360653 /* DetailsNoteView.storyboard in Resources */,
				DA743D152AB3B4C700360653 /* SettingsView.storyboard in Resources */,
				DA743D202AB3B90600360653 /* DetailsMapView.storyboard in Resources */,
			);
			runOnlyForDeploymentPostprocessing = 0;
		};
/* End PBXResourcesBuildPhase section */

/* Begin PBXSourcesBuildPhase section */
		DA631BB727EDB84F0013867C /* Sources */ = {
			isa = PBXSourcesBuildPhase;
			buildActionMask = 2147483647;
			files = (
				DA12EC702AADDC7500C00E9B /* MainTableViewCell.swift in Sources */,
				DA053ADE2AACBC1500D24484 /* MainViewModel.swift in Sources */,
				DA743D1B2AB3B88600360653 /* DetailsParchmentViewController.swift in Sources */,
				DA631BC327EDB84F0013867C /* MainViewController.swift in Sources */,
				DA053AE12AACBDEC00D24484 /* UIViewController + Extension.swift in Sources */,
				DA743D232AB3B92600360653 /* DetailsMapViewController.swift in Sources */,
				DA1EC83D2AAD329000515772 /* SettingsViewController.swift in Sources */,
				DA631BC927EDB84F0013867C /* QuickNotes.xcdatamodeld in Sources */,
				DA631BBF27EDB84F0013867C /* AppDelegate.swift in Sources */,
				DA053ADA2AACBBDA00D24484 /* Note.swift in Sources */,
				DA631BC127EDB84F0013867C /* SceneDelegate.swift in Sources */,
				DA631BD627EDBBCC0013867C /* DetailsNoteViewController.swift in Sources */,
				DA1EC83B2AACD8D700515772 /* DetailsViewModel.swift in Sources */,
			);
			runOnlyForDeploymentPostprocessing = 0;
		};
/* End PBXSourcesBuildPhase section */

/* Begin PBXVariantGroup section */
		DA631BCC27EDB8510013867C /* LaunchScreen.storyboard */ = {
			isa = PBXVariantGroup;
			children = (
				DA631BCD27EDB8510013867C /* Base */,
				DAA9ABC12AB5E0E900727E5C /* tr */,
			);
			name = LaunchScreen.storyboard;
			sourceTree = "<group>";
		};
/* End PBXVariantGroup section */

/* Begin XCBuildConfiguration section */
		DA631BD027EDB8510013867C /* Debug */ = {
			isa = XCBuildConfiguration;
			buildSettings = {
				ALWAYS_SEARCH_USER_PATHS = NO;
				CLANG_ANALYZER_LOCALIZABILITY_NONLOCALIZED = YES;
				CLANG_ANALYZER_NONNULL = YES;
				CLANG_ANALYZER_NUMBER_OBJECT_CONVERSION = YES_AGGRESSIVE;
				CLANG_CXX_LANGUAGE_STANDARD = "gnu++17";
				CLANG_ENABLE_MODULES = YES;
				CLANG_ENABLE_OBJC_ARC = YES;
				CLANG_ENABLE_OBJC_WEAK = YES;
				CLANG_WARN_BLOCK_CAPTURE_AUTORELEASING = YES;
				CLANG_WARN_BOOL_CONVERSION = YES;
				CLANG_WARN_COMMA = YES;
				CLANG_WARN_CONSTANT_CONVERSION = YES;
				CLANG_WARN_DEPRECATED_OBJC_IMPLEMENTATIONS = YES;
				CLANG_WARN_DIRECT_OBJC_ISA_USAGE = YES_ERROR;
				CLANG_WARN_DOCUMENTATION_COMMENTS = YES;
				CLANG_WARN_EMPTY_BODY = YES;
				CLANG_WARN_ENUM_CONVERSION = YES;
				CLANG_WARN_INFINITE_RECURSION = YES;
				CLANG_WARN_INT_CONVERSION = YES;
				CLANG_WARN_NON_LITERAL_NULL_CONVERSION = YES;
				CLANG_WARN_OBJC_IMPLICIT_RETAIN_SELF = YES;
				CLANG_WARN_OBJC_LITERAL_CONVERSION = YES;
				CLANG_WARN_OBJC_ROOT_CLASS = YES_ERROR;
				CLANG_WARN_QUOTED_INCLUDE_IN_FRAMEWORK_HEADER = YES;
				CLANG_WARN_RANGE_LOOP_ANALYSIS = YES;
				CLANG_WARN_STRICT_PROTOTYPES = YES;
				CLANG_WARN_SUSPICIOUS_MOVE = YES;
				CLANG_WARN_UNGUARDED_AVAILABILITY = YES_AGGRESSIVE;
				CLANG_WARN_UNREACHABLE_CODE = YES;
				CLANG_WARN__DUPLICATE_METHOD_MATCH = YES;
				COPY_PHASE_STRIP = NO;
				DEBUG_INFORMATION_FORMAT = dwarf;
				ENABLE_STRICT_OBJC_MSGSEND = YES;
				ENABLE_TESTABILITY = YES;
				GCC_C_LANGUAGE_STANDARD = gnu11;
				GCC_DYNAMIC_NO_PIC = NO;
				GCC_NO_COMMON_BLOCKS = YES;
				GCC_OPTIMIZATION_LEVEL = 0;
				GCC_PREPROCESSOR_DEFINITIONS = (
					"DEBUG=1",
					"$(inherited)",
				);
				GCC_WARN_64_TO_32_BIT_CONVERSION = YES;
				GCC_WARN_ABOUT_RETURN_TYPE = YES_ERROR;
				GCC_WARN_UNDECLARED_SELECTOR = YES;
				GCC_WARN_UNINITIALIZED_AUTOS = YES_AGGRESSIVE;
				GCC_WARN_UNUSED_FUNCTION = YES;
				GCC_WARN_UNUSED_VARIABLE = YES;
				IPHONEOS_DEPLOYMENT_TARGET = 15.4;
				MTL_ENABLE_DEBUG_INFO = INCLUDE_SOURCE;
				MTL_FAST_MATH = YES;
				ONLY_ACTIVE_ARCH = YES;
				SDKROOT = iphoneos;
				SWIFT_ACTIVE_COMPILATION_CONDITIONS = DEBUG;
				SWIFT_OPTIMIZATION_LEVEL = "-Onone";
			};
			name = Debug;
		};
		DA631BD127EDB8510013867C /* Release */ = {
			isa = XCBuildConfiguration;
			buildSettings = {
				ALWAYS_SEARCH_USER_PATHS = NO;
				CLANG_ANALYZER_LOCALIZABILITY_NONLOCALIZED = YES;
				CLANG_ANALYZER_NONNULL = YES;
				CLANG_ANALYZER_NUMBER_OBJECT_CONVERSION = YES_AGGRESSIVE;
				CLANG_CXX_LANGUAGE_STANDARD = "gnu++17";
				CLANG_ENABLE_MODULES = YES;
				CLANG_ENABLE_OBJC_ARC = YES;
				CLANG_ENABLE_OBJC_WEAK = YES;
				CLANG_WARN_BLOCK_CAPTURE_AUTORELEASING = YES;
				CLANG_WARN_BOOL_CONVERSION = YES;
				CLANG_WARN_COMMA = YES;
				CLANG_WARN_CONSTANT_CONVERSION = YES;
				CLANG_WARN_DEPRECATED_OBJC_IMPLEMENTATIONS = YES;
				CLANG_WARN_DIRECT_OBJC_ISA_USAGE = YES_ERROR;
				CLANG_WARN_DOCUMENTATION_COMMENTS = YES;
				CLANG_WARN_EMPTY_BODY = YES;
				CLANG_WARN_ENUM_CONVERSION = YES;
				CLANG_WARN_INFINITE_RECURSION = YES;
				CLANG_WARN_INT_CONVERSION = YES;
				CLANG_WARN_NON_LITERAL_NULL_CONVERSION = YES;
				CLANG_WARN_OBJC_IMPLICIT_RETAIN_SELF = YES;
				CLANG_WARN_OBJC_LITERAL_CONVERSION = YES;
				CLANG_WARN_OBJC_ROOT_CLASS = YES_ERROR;
				CLANG_WARN_QUOTED_INCLUDE_IN_FRAMEWORK_HEADER = YES;
				CLANG_WARN_RANGE_LOOP_ANALYSIS = YES;
				CLANG_WARN_STRICT_PROTOTYPES = YES;
				CLANG_WARN_SUSPICIOUS_MOVE = YES;
				CLANG_WARN_UNGUARDED_AVAILABILITY = YES_AGGRESSIVE;
				CLANG_WARN_UNREACHABLE_CODE = YES;
				CLANG_WARN__DUPLICATE_METHOD_MATCH = YES;
				COPY_PHASE_STRIP = NO;
				DEBUG_INFORMATION_FORMAT = "dwarf-with-dsym";
				ENABLE_NS_ASSERTIONS = NO;
				ENABLE_STRICT_OBJC_MSGSEND = YES;
				GCC_C_LANGUAGE_STANDARD = gnu11;
				GCC_NO_COMMON_BLOCKS = YES;
				GCC_WARN_64_TO_32_BIT_CONVERSION = YES;
				GCC_WARN_ABOUT_RETURN_TYPE = YES_ERROR;
				GCC_WARN_UNDECLARED_SELECTOR = YES;
				GCC_WARN_UNINITIALIZED_AUTOS = YES_AGGRESSIVE;
				GCC_WARN_UNUSED_FUNCTION = YES;
				GCC_WARN_UNUSED_VARIABLE = YES;
				IPHONEOS_DEPLOYMENT_TARGET = 15.4;
				MTL_ENABLE_DEBUG_INFO = NO;
				MTL_FAST_MATH = YES;
				SDKROOT = iphoneos;
				SWIFT_COMPILATION_MODE = wholemodule;
				SWIFT_OPTIMIZATION_LEVEL = "-O";
				VALIDATE_PRODUCT = YES;
			};
			name = Release;
		};
		DA631BD327EDB8510013867C /* Debug */ = {
			isa = XCBuildConfiguration;
			buildSettings = {
				ASSETCATALOG_COMPILER_APPICON_NAME = AppIcon;
				ASSETCATALOG_COMPILER_GLOBAL_ACCENT_COLOR_NAME = AccentColor;
				CODE_SIGN_STYLE = Automatic;
				CURRENT_PROJECT_VERSION = 1;
				DEVELOPMENT_TEAM = UF8RP58SUS;
				GENERATE_INFOPLIST_FILE = YES;
				INFOPLIST_FILE = QuickNotes/Info.plist;
				INFOPLIST_KEY_NSFaceIDUsageDescription = "For authentication";
				INFOPLIST_KEY_UIApplicationSupportsIndirectInputEvents = YES;
				INFOPLIST_KEY_UILaunchStoryboardName = LaunchScreen;
				INFOPLIST_KEY_UISupportedInterfaceOrientations = UIInterfaceOrientationPortrait;
				INFOPLIST_KEY_UISupportedInterfaceOrientations_iPad = "UIInterfaceOrientationLandscapeLeft UIInterfaceOrientationLandscapeRight UIInterfaceOrientationPortrait UIInterfaceOrientationPortraitUpsideDown";
				LD_RUNPATH_SEARCH_PATHS = (
					"$(inherited)",
					"@executable_path/Frameworks",
				);
				MARKETING_VERSION = 1.0;
				PRODUCT_BUNDLE_IDENTIFIER = com.dogaerdemir.QuickNotes;
				PRODUCT_NAME = "$(TARGET_NAME)";
				SWIFT_EMIT_LOC_STRINGS = YES;
				SWIFT_VERSION = 5.0;
				TARGETED_DEVICE_FAMILY = "1,2";
			};
			name = Debug;
		};
		DA631BD427EDB8510013867C /* Release */ = {
			isa = XCBuildConfiguration;
			buildSettings = {
				ASSETCATALOG_COMPILER_APPICON_NAME = AppIcon;
				ASSETCATALOG_COMPILER_GLOBAL_ACCENT_COLOR_NAME = AccentColor;
				CODE_SIGN_STYLE = Automatic;
				CURRENT_PROJECT_VERSION = 1;
				DEVELOPMENT_TEAM = UF8RP58SUS;
				GENERATE_INFOPLIST_FILE = YES;
				INFOPLIST_FILE = QuickNotes/Info.plist;
				INFOPLIST_KEY_NSFaceIDUsageDescription = "For authentication";
				INFOPLIST_KEY_UIApplicationSupportsIndirectInputEvents = YES;
				INFOPLIST_KEY_UILaunchStoryboardName = LaunchScreen;
				INFOPLIST_KEY_UISupportedInterfaceOrientations = UIInterfaceOrientationPortrait;
				INFOPLIST_KEY_UISupportedInterfaceOrientations_iPad = "UIInterfaceOrientationLandscapeLeft UIInterfaceOrientationLandscapeRight UIInterfaceOrientationPortrait UIInterfaceOrientationPortraitUpsideDown";
				LD_RUNPATH_SEARCH_PATHS = (
					"$(inherited)",
					"@executable_path/Frameworks",
				);
				MARKETING_VERSION = 1.0;
				PRODUCT_BUNDLE_IDENTIFIER = com.dogaerdemir.QuickNotes;
				PRODUCT_NAME = "$(TARGET_NAME)";
				SWIFT_EMIT_LOC_STRINGS = YES;
				SWIFT_VERSION = 5.0;
				TARGETED_DEVICE_FAMILY = "1,2";
			};
			name = Release;
		};
/* End XCBuildConfiguration section */

/* Begin XCConfigurationList section */
		DA631BB627EDB84F0013867C /* Build configuration list for PBXProject "QuickNotes" */ = {
			isa = XCConfigurationList;
			buildConfigurations = (
				DA631BD027EDB8510013867C /* Debug */,
				DA631BD127EDB8510013867C /* Release */,
			);
			defaultConfigurationIsVisible = 0;
			defaultConfigurationName = Release;
		};
		DA631BD227EDB8510013867C /* Build configuration list for PBXNativeTarget "QuickNotes" */ = {
			isa = XCConfigurationList;
			buildConfigurations = (
				DA631BD327EDB8510013867C /* Debug */,
				DA631BD427EDB8510013867C /* Release */,
			);
			defaultConfigurationIsVisible = 0;
			defaultConfigurationName = Release;
		};
/* End XCConfigurationList section */

/* Begin XCRemoteSwiftPackageReference section */
		DA12EC722AADF92100C00E9B /* XCRemoteSwiftPackageReference "DropDown" */ = {
			isa = XCRemoteSwiftPackageReference;
			repositoryURL = "https://github.com/AssistoLab/DropDown";
			requirement = {
				branch = master;
				kind = branch;
			};
		};
		DA743D242AB3B97100360653 /* XCRemoteSwiftPackageReference "Parchment" */ = {
			isa = XCRemoteSwiftPackageReference;
			repositoryURL = "https://github.com/rechsteiner/Parchment";
			requirement = {
				branch = main;
				kind = branch;
			};
		};
		DAA9ABC82AB5E12700727E5C /* XCRemoteSwiftPackageReference "Localize-Swift" */ = {
			isa = XCRemoteSwiftPackageReference;
			repositoryURL = "https://github.com/marmelroy/Localize-Swift.git";
			requirement = {
				branch = master;
				kind = branch;
			};
		};
/* End XCRemoteSwiftPackageReference section */

/* Begin XCSwiftPackageProductDependency section */
		DA12EC732AADF92100C00E9B /* DropDown */ = {
			isa = XCSwiftPackageProductDependency;
			package = DA12EC722AADF92100C00E9B /* XCRemoteSwiftPackageReference "DropDown" */;
			productName = DropDown;
		};
		DA743D252AB3B97100360653 /* Parchment */ = {
			isa = XCSwiftPackageProductDependency;
			package = DA743D242AB3B97100360653 /* XCRemoteSwiftPackageReference "Parchment" */;
			productName = Parchment;
		};
		DAA9ABC92AB5E12700727E5C /* Localize_Swift */ = {
			isa = XCSwiftPackageProductDependency;
			package = DAA9ABC82AB5E12700727E5C /* XCRemoteSwiftPackageReference "Localize-Swift" */;
			productName = Localize_Swift;
		};
/* End XCSwiftPackageProductDependency section */

/* Begin XCVersionGroup section */
		DA631BC727EDB84F0013867C /* QuickNotes.xcdatamodeld */ = {
			isa = XCVersionGroup;
			children = (
				DA631BC827EDB84F0013867C /* QuickNotes.xcdatamodel */,
			);
			currentVersion = DA631BC827EDB84F0013867C /* QuickNotes.xcdatamodel */;
			path = QuickNotes.xcdatamodeld;
			sourceTree = "<group>";
			versionGroupType = wrapper.xcdatamodel;
		};
/* End XCVersionGroup section */
	};
	rootObject = DA631BB327EDB84F0013867C /* Project object */;
}
